
Microsoft Visual Studio Solution File, Format Version 12.00
# Visual Studio Version 16
VisualStudioVersion = 16.0.31410.357
MinimumVisualStudioVersion = 10.0.40219.1
Project("{9A19103F-16F7-4668-BE54-9A1E7A4F7556}") = "MvcSandbox", "MvcSandbox\MvcSandbox.csproj", "{ABEA0C44-2E98-4C3E-AF6A-7F8D848EF115}"
EndProject
Global
	GlobalSection(SolutionConfigurationPlatforms) = preSolution
		Debug|Any CPU = Debug|Any CPU
		Release|Any CPU = Release|Any CPU
	EndGlobalSection
	GlobalSection(ProjectConfigurationPlatforms) = postSolution
		{ABEA0C44-2E98-4C3E-AF6A-7F8D848EF115}.Debug|Any CPU.ActiveCfg = Debug|Any CPU
		{ABEA0C44-2E98-4C3E-AF6A-7F8D848EF115}.Debug|Any CPU.Build.0 = Debug|Any CPU
		{ABEA0C44-2E98-4C3E-AF6A-7F8D848EF115}.Release|Any CPU.ActiveCfg = Release|Any CPU
		{ABEA0C44-2E98-4C3E-AF6A-7F8D848EF115}.Release|Any CPU.Build.0 = Release|Any CPU
	EndGlobalSection
	GlobalSection(SolutionProperties) = preSolution
		HideSolutionNode = FALSE
	EndGlobalSection
	GlobalSection(ExtensibilityGlobals) = postSolution
		SolutionGuid = {DEF955A5-757B-4EE6-8A6C-4716CFD918BD}
	EndGlobalSection
EndGlobal
